lockfileVersion: '9.0'

settings:
  autoInstallPeers: true
  excludeLinksFromLockfile: false

importers:

  .:
    dependencies:
      config:
        specifier: ^3.3.11
        version: 3.3.11
      dotenv:
        specifier: ^16.4.5
        version: 16.4.5
    devDependencies:
      '@types/config':
        specifier: ^3.3.4
        version: 3.3.4
      '@types/node':
        specifier: ^20.12.12
        version: 20.12.12
      typescript:
        specifier: ^5.4.5
        version: 5.4.5

packages:

  '@types/config@3.3.4':
    resolution: {integrity: sha512-qFiTLnWy+TdPSMIXFHP+87lFXFRM4SXjRS+CSB66+56TrpLNw003y1sh7DGaaC1NGesxgKoT5FDy6dyA1Xju/g==}

  '@types/node@20.12.12':
    resolution: {integrity: sha512-eWLDGF/FOSPtAvEqeRAQ4C8LSA7M1I7i0ky1I8U7kD1J5ITyW3AsRhQrKVoWf5pFKZ2kILsEGJhsI9r93PYnOw==}

  config@3.3.11:
    resolution: {integrity: sha512-Dhn63ZoWCW5EMg4P0Sl/XNsj/7RLiUIA1x1npCy+m2cRwRHzLnt3UtYtxRDMZW/6oOMdWhCzaGYkOcajGgrAOA==}
    engines: {node: '>= 10.0.0'}

  dotenv@16.4.5:
    resolution: {integrity: sha512-ZmdL2rui+eB2YwhsWzjInR8LldtZHGDoQ1ugH85ppHKwpUHL7j7rN0Ti9NCnGiQbhaZ11FpR+7ao1dNsmduNUg==}
    engines: {node: '>=12'}

  json5@2.2.3:
    resolution: {integrity: sha512-XmOWe7eyHYH14cLdVPoyg+GOH3rYX++KpzrylJwSW98t3Nk+U8XOl8FWKOgwtzdb8lXGf6zYwDUzeHMWfxasyg==}
    engines: {node: '>=6'}
    hasBin: true

  typescript@5.4.5:
    resolution: {integrity: sha512-vcI4UpRgg81oIRUFwR0WSIHKt11nJ7SAVlYNIu+QpqeyXP+gpQJy/Z4+F0aGxSE4MqwjyXvW/TzgkLAx2AGHwQ==}
    engines: {node: '>=14.17'}
    hasBin: true

  undici-types@5.26.5:
    resolution: {integrity: sha512-JlCMO+ehdEIKqlFxk6IfVoAUVmgz7cU7zD/h9XZ0qzeosSHmUJVOzSQvvYSYWXkFXC+IfLKSIffhv0sVZup6pA==}

snapshots:

  '@types/config@3.3.4': {}

  '@types/node@20.12.12':
    dependencies:
      undici-types: 5.26.5

  config@3.3.11:
    dependencies:
      json5: 2.2.3

  dotenv@16.4.5: {}

  json5@2.2.3: {}

  typescript@5.4.5: {}

  undici-types@5.26.5: {}
